
Microsoft Visual Studio Solution File, Format Version 12.00
# Visual Studio Version 16
VisualStudioVersion = 16.0.31019.35
MinimumVisualStudioVersion = 10.0.40219.1
Project("{FAE04EC0-301F-11D3-BF4B-00C04F79EFBC}") = "DEMG.DEV.School_App1", "DEMG.DEV.School_App1\DEMG.DEV.School_App1.csproj", "{A8670E95-6390-4386-9E27-BB7B148F24D7}"
EndProject
Global
	GlobalSection(SolutionConfigurationPlatforms) = preSolution
		Debug|Any CPU = Debug|Any CPU
		Release|Any CPU = Release|Any CPU
	EndGlobalSection
	GlobalSection(ProjectConfigurationPlatforms) = postSolution
		{A8670E95-6390-4386-9E27-BB7B148F24D7}.Debug|Any CPU.ActiveCfg = Debug|Any CPU
		{A8670E95-6390-4386-9E27-BB7B148F24D7}.Debug|Any CPU.Build.0 = Debug|Any CPU
		{A8670E95-6390-4386-9E27-BB7B148F24D7}.Release|Any CPU.ActiveCfg = Release|Any CPU
		{A8670E95-6390-4386-9E27-BB7B148F24D7}.Release|Any CPU.Build.0 = Release|Any CPU
	EndGlobalSection
	GlobalSection(SolutionProperties) = preSolution
		HideSolutionNode = FALSE
	EndGlobalSection
	GlobalSection(ExtensibilityGlobals) = postSolution
		SolutionGuid = {AEA886EC-B1FA-428B-AF31-6FE32799BD14}
	EndGlobalSection
EndGlobal
